
Microsoft Visual Studio Solution File, Format Version 12.00
# Visual Studio 15
Project("{FAE04EC0-301F-11D3-BF4B-00C04F79EFBC}") = "NaughtyAttributes.Test", "NaughtyAttributes.Test.csproj", "{86F4B967-AE98-339C-A7AB-4D97CA3581E8}"
EndProject
Project("{FAE04EC0-301F-11D3-BF4B-00C04F79EFBC}") = "Assembly-CSharp", "Assembly-CSharp.csproj", "{B03158A6-6F2C-A7E8-1A25-02B59CA99AC2}"
EndProject
Project("{FAE04EC0-301F-11D3-BF4B-00C04F79EFBC}") = "Animancer.FSM", "Animancer.FSM.csproj", "{1F770E09-8ECF-07D3-A919-C118D2A90EB6}"
EndProject
Project("{FAE04EC0-301F-11D3-BF4B-00C04F79EFBC}") = "AstarPathfindingProject", "AstarPathfindingProject.csproj", "{D1C8DB05-9C80-5223-852C-2299D6C09452}"
EndProject
Project("{FAE04EC0-301F-11D3-BF4B-00C04F79EFBC}") = "Animancer", "Animancer.csproj", "{B9E53CB6-E4F6-A915-92ED-DF65D7709563}"
EndProject
Project("{FAE04EC0-301F-11D3-BF4B-00C04F79EFBC}") = "CW.Common", "CW.Common.csproj", "{32E84753-A4E7-BFA4-CC3A-19C5532FDE9A}"
EndProject
Project("{FAE04EC0-301F-11D3-BF4B-00C04F79EFBC}") = "LeanCommon", "LeanCommon.csproj", "{67831D4C-18F3-3675-CD71-597A07D4CC5C}"
EndProject
Project("{FAE04EC0-301F-11D3-BF4B-00C04F79EFBC}") = "Deform", "Deform.csproj", "{FDD8E090-44A6-4629-5D25-54DDD2A306B5}"
EndProject
Project("{FAE04EC0-301F-11D3-BF4B-00C04F79EFBC}") = "NaughtyAttributes.Core", "NaughtyAttributes.Core.csproj", "{F3023BBD-9AAA-F409-3248-E191E3A268ED}"
EndProject
Project("{FAE04EC0-301F-11D3-BF4B-00C04F79EFBC}") = "LeanTouch", "LeanTouch.csproj", "{E834DFF7-A82E-29CA-2ECD-595E5ADA559F}"
EndProject
Project("{FAE04EC0-301F-11D3-BF4B-00C04F79EFBC}") = "Animancer.Examples", "Animancer.Examples.csproj", "{4E112358-01C7-CC0B-B3E9-5ED766D8BA17}"
EndProject
Project("{FAE04EC0-301F-11D3-BF4B-00C04F79EFBC}") = "ToonyColorsPro2.Demo", "ToonyColorsPro2.Demo.csproj", "{26004EE1-7081-1C0E-9327-9FC7321D8633}"
EndProject
Project("{FAE04EC0-301F-11D3-BF4B-00C04F79EFBC}") = "PathCreator", "PathCreator.csproj", "{F08246E5-D73F-AF4F-7C99-2652042EABA7}"
EndProject
Project("{FAE04EC0-301F-11D3-BF4B-00C04F79EFBC}") = "ToonyColorsPro.Runtime", "ToonyColorsPro.Runtime.csproj", "{C5E8790F-4DBF-23EE-7FE6-9798FA0CA6F0}"
EndProject
Project("{FAE04EC0-301F-11D3-BF4B-00C04F79EFBC}") = "Beans.Unity.Mathematics", "Beans.Unity.Mathematics.csproj", "{E9321AEF-343A-4090-2C42-C37D2ABE9018}"
EndProject
Project("{FAE04EC0-301F-11D3-BF4B-00C04F79EFBC}") = "Beans.Unity.Collections", "Beans.Unity.Collections.csproj", "{188AC39A-5216-7C5A-C1E6-9B27D28AE42B}"
EndProject
Project("{FAE04EC0-301F-11D3-BF4B-00C04F79EFBC}") = "NaughtyAttributes.Editor", "NaughtyAttributes.Editor.csproj", "{0196389C-9A65-8E8D-5FB3-7CCF26DD467B}"
EndProject
Project("{FAE04EC0-301F-11D3-BF4B-00C04F79EFBC}") = "Assembly-CSharp-Editor", "Assembly-CSharp-Editor.csproj", "{D9D6B9D9-127C-1AEC-0439-7063DD85D1AA}"
EndProject
Project("{FAE04EC0-301F-11D3-BF4B-00C04F79EFBC}") = "DeformEditor", "DeformEditor.csproj", "{815AAFB2-B8BF-5453-E580-83036B0002CF}"
EndProject
Project("{FAE04EC0-301F-11D3-BF4B-00C04F79EFBC}") = "PackageToolsEditor", "PackageToolsEditor.csproj", "{B47014AB-20FA-4307-4636-00A3435A9B19}"
EndProject
Project("{FAE04EC0-301F-11D3-BF4B-00C04F79EFBC}") = "AstarPathfindingProjectEditor", "AstarPathfindingProjectEditor.csproj", "{F17DD226-529F-2FEA-0BB4-40F471352B8A}"
EndProject
Project("{FAE04EC0-301F-11D3-BF4B-00C04F79EFBC}") = "ToonyColorsPro.Editor", "ToonyColorsPro.Editor.csproj", "{E8730935-6B59-41FF-4137-937B51412645}"
EndProject
Project("{FAE04EC0-301F-11D3-BF4B-00C04F79EFBC}") = "PathCreatorEditor", "PathCreatorEditor.csproj", "{4867A6D6-E4DE-9478-E596-8B7CB770DAC1}"
EndProject
Project("{FAE04EC0-301F-11D3-BF4B-00C04F79EFBC}") = "Beans.Unity.Editor", "Beans.Unity.Editor.csproj", "{6B79B287-E692-59AC-F7A6-0CD82E433BCF}"
EndProject
Global
	GlobalSection(SolutionConfigurationPlatforms) = preSolution
		Debug|Any CPU = Debug|Any CPU
		Release|Any CPU = Release|Any CPU
	EndGlobalSection
	GlobalSection(ProjectConfigurationPlatforms) = postSolution
		{86F4B967-AE98-339C-A7AB-4D97CA3581E8}.Debug|Any CPU.ActiveCfg = Debug|Any CPU
		{86F4B967-AE98-339C-A7AB-4D97CA3581E8}.Debug|Any CPU.Build.0 = Debug|Any CPU
		{86F4B967-AE98-339C-A7AB-4D97CA3581E8}.Release|Any CPU.ActiveCfg = Release|Any CPU
		{86F4B967-AE98-339C-A7AB-4D97CA3581E8}.Release|Any CPU.Build.0 = Release|Any CPU
		{B03158A6-6F2C-A7E8-1A25-02B59CA99AC2}.Debug|Any CPU.ActiveCfg = Debug|Any CPU
		{B03158A6-6F2C-A7E8-1A25-02B59CA99AC2}.Debug|Any CPU.Build.0 = Debug|Any CPU
		{B03158A6-6F2C-A7E8-1A25-02B59CA99AC2}.Release|Any CPU.ActiveCfg = Release|Any CPU
		{B03158A6-6F2C-A7E8-1A25-02B59CA99AC2}.Release|Any CPU.Build.0 = Release|Any CPU
		{1F770E09-8ECF-07D3-A919-C118D2A90EB6}.Debug|Any CPU.ActiveCfg = Debug|Any CPU
		{1F770E09-8ECF-07D3-A919-C118D2A90EB6}.Debug|Any CPU.Build.0 = Debug|Any CPU
		{1F770E09-8ECF-07D3-A919-C118D2A90EB6}.Release|Any CPU.ActiveCfg = Release|Any CPU
		{1F770E09-8ECF-07D3-A919-C118D2A90EB6}.Release|Any CPU.Build.0 = Release|Any CPU
		{D1C8DB05-9C80-5223-852C-2299D6C09452}.Debug|Any CPU.ActiveCfg = Debug|Any CPU
		{D1C8DB05-9C80-5223-852C-2299D6C09452}.Debug|Any CPU.Build.0 = Debug|Any CPU
		{D1C8DB05-9C80-5223-852C-2299D6C09452}.Release|Any CPU.ActiveCfg = Release|Any CPU
		{D1C8DB05-9C80-5223-852C-2299D6C09452}.Release|Any CPU.Build.0 = Release|Any CPU
		{B9E53CB6-E4F6-A915-92ED-DF65D7709563}.Debug|Any CPU.ActiveCfg = Debug|Any CPU
		{B9E53CB6-E4F6-A915-92ED-DF65D7709563}.Debug|Any CPU.Build.0 = Debug|Any CPU
		{B9E53CB6-E4F6-A915-92ED-DF65D7709563}.Release|Any CPU.ActiveCfg = Release|Any CPU
		{B9E53CB6-E4F6-A915-92ED-DF65D7709563}.Release|Any CPU.Build.0 = Release|Any CPU
		{32E84753-A4E7-BFA4-CC3A-19C5532FDE9A}.Debug|Any CPU.ActiveCfg = Debug|Any CPU
		{32E84753-A4E7-BFA4-CC3A-19C5532FDE9A}.Debug|Any CPU.Build.0 = Debug|Any CPU
		{32E84753-A4E7-BFA4-CC3A-19C5532FDE9A}.Release|Any CPU.ActiveCfg = Release|Any CPU
		{32E84753-A4E7-BFA4-CC3A-19C5532FDE9A}.Release|Any CPU.Build.0 = Release|Any CPU
		{67831D4C-18F3-3675-CD71-597A07D4CC5C}.Debug|Any CPU.ActiveCfg = Debug|Any CPU
		{67831D4C-18F3-3675-CD71-597A07D4CC5C}.Debug|Any CPU.Build.0 = Debug|Any CPU
		{67831D4C-18F3-3675-CD71-597A07D4CC5C}.Release|Any CPU.ActiveCfg = Release|Any CPU
		{67831D4C-18F3-3675-CD71-597A07D4CC5C}.Release|Any CPU.Build.0 = Release|Any CPU
		{FDD8E090-44A6-4629-5D25-54DDD2A306B5}.Debug|Any CPU.ActiveCfg = Debug|Any CPU
		{FDD8E090-44A6-4629-5D25-54DDD2A306B5}.Debug|Any CPU.Build.0 = Debug|Any CPU
		{FDD8E090-44A6-4629-5D25-54DDD2A306B5}.Release|Any CPU.ActiveCfg = Release|Any CPU
		{FDD8E090-44A6-4629-5D25-54DDD2A306B5}.Release|Any CPU.Build.0 = Release|Any CPU
		{F3023BBD-9AAA-F409-3248-E191E3A268ED}.Debug|Any CPU.ActiveCfg = Debug|Any CPU
		{F3023BBD-9AAA-F409-3248-E191E3A268ED}.Debug|Any CPU.Build.0 = Debug|Any CPU
		{F3023BBD-9AAA-F409-3248-E191E3A268ED}.Release|Any CPU.ActiveCfg = Release|Any CPU
		{F3023BBD-9AAA-F409-3248-E191E3A268ED}.Release|Any CPU.Build.0 = Release|Any CPU
		{E834DFF7-A82E-29CA-2ECD-595E5ADA559F}.Debug|Any CPU.ActiveCfg = Debug|Any CPU
		{E834DFF7-A82E-29CA-2ECD-595E5ADA559F}.Debug|Any CPU.Build.0 = Debug|Any CPU
		{E834DFF7-A82E-29CA-2ECD-595E5ADA559F}.Release|Any CPU.ActiveCfg = Release|Any CPU
		{E834DFF7-A82E-29CA-2ECD-595E5ADA559F}.Release|Any CPU.Build.0 = Release|Any CPU
		{4E112358-01C7-CC0B-B3E9-5ED766D8BA17}.Debug|Any CPU.ActiveCfg = Debug|Any CPU
		{4E112358-01C7-CC0B-B3E9-5ED766D8BA17}.Debug|Any CPU.Build.0 = Debug|Any CPU
		{4E112358-01C7-CC0B-B3E9-5ED766D8BA17}.Release|Any CPU.ActiveCfg = Release|Any CPU
		{4E112358-01C7-CC0B-B3E9-5ED766D8BA17}.Release|Any CPU.Build.0 = Release|Any CPU
		{26004EE1-7081-1C0E-9327-9FC7321D8633}.Debug|Any CPU.ActiveCfg = Debug|Any CPU
		{26004EE1-7081-1C0E-9327-9FC7321D8633}.Debug|Any CPU.Build.0 = Debug|Any CPU
		{26004EE1-7081-1C0E-9327-9FC7321D8633}.Release|Any CPU.ActiveCfg = Release|Any CPU
		{26004EE1-7081-1C0E-9327-9FC7321D8633}.Release|Any CPU.Build.0 = Release|Any CPU
		{F08246E5-D73F-AF4F-7C99-2652042EABA7}.Debug|Any CPU.ActiveCfg = Debug|Any CPU
		{F08246E5-D73F-AF4F-7C99-2652042EABA7}.Debug|Any CPU.Build.0 = Debug|Any CPU
		{F08246E5-D73F-AF4F-7C99-2652042EABA7}.Release|Any CPU.ActiveCfg = Release|Any CPU
		{F08246E5-D73F-AF4F-7C99-2652042EABA7}.Release|Any CPU.Build.0 = Release|Any CPU
		{C5E8790F-4DBF-23EE-7FE6-9798FA0CA6F0}.Debug|Any CPU.ActiveCfg = Debug|Any CPU
		{C5E8790F-4DBF-23EE-7FE6-9798FA0CA6F0}.Debug|Any CPU.Build.0 = Debug|Any CPU
		{C5E8790F-4DBF-23EE-7FE6-9798FA0CA6F0}.Release|Any CPU.ActiveCfg = Release|Any CPU
		{C5E8790F-4DBF-23EE-7FE6-9798FA0CA6F0}.Release|Any CPU.Build.0 = Release|Any CPU
		{E9321AEF-343A-4090-2C42-C37D2ABE9018}.Debug|Any CPU.ActiveCfg = Debug|Any CPU
		{E9321AEF-343A-4090-2C42-C37D2ABE9018}.Debug|Any CPU.Build.0 = Debug|Any CPU
		{E9321AEF-343A-4090-2C42-C37D2ABE9018}.Release|Any CPU.ActiveCfg = Release|Any CPU
		{E9321AEF-343A-4090-2C42-C37D2ABE9018}.Release|Any CPU.Build.0 = Release|Any CPU
		{188AC39A-5216-7C5A-C1E6-9B27D28AE42B}.Debug|Any CPU.ActiveCfg = Debug|Any CPU
		{188AC39A-5216-7C5A-C1E6-9B27D28AE42B}.Debug|Any CPU.Build.0 = Debug|Any CPU
		{188AC39A-5216-7C5A-C1E6-9B27D28AE42B}.Release|Any CPU.ActiveCfg = Release|Any CPU
		{188AC39A-5216-7C5A-C1E6-9B27D28AE42B}.Release|Any CPU.Build.0 = Release|Any CPU
		{0196389C-9A65-8E8D-5FB3-7CCF26DD467B}.Debug|Any CPU.ActiveCfg = Debug|Any CPU
		{0196389C-9A65-8E8D-5FB3-7CCF26DD467B}.Debug|Any CPU.Build.0 = Debug|Any CPU
		{0196389C-9A65-8E8D-5FB3-7CCF26DD467B}.Release|Any CPU.ActiveCfg = Release|Any CPU
		{0196389C-9A65-8E8D-5FB3-7CCF26DD467B}.Release|Any CPU.Build.0 = Release|Any CPU
		{D9D6B9D9-127C-1AEC-0439-7063DD85D1AA}.Debug|Any CPU.ActiveCfg = Debug|Any CPU
		{D9D6B9D9-127C-1AEC-0439-7063DD85D1AA}.Debug|Any CPU.Build.0 = Debug|Any CPU
		{D9D6B9D9-127C-1AEC-0439-7063DD85D1AA}.Release|Any CPU.ActiveCfg = Release|Any CPU
		{D9D6B9D9-127C-1AEC-0439-7063DD85D1AA}.Release|Any CPU.Build.0 = Release|Any CPU
		{815AAFB2-B8BF-5453-E580-83036B0002CF}.Debug|Any CPU.ActiveCfg = Debug|Any CPU
		{815AAFB2-B8BF-5453-E580-83036B0002CF}.Debug|Any CPU.Build.0 = Debug|Any CPU
		{815AAFB2-B8BF-5453-E580-83036B0002CF}.Release|Any CPU.ActiveCfg = Release|Any CPU
		{815AAFB2-B8BF-5453-E580-83036B0002CF}.Release|Any CPU.Build.0 = Release|Any CPU
		{B47014AB-20FA-4307-4636-00A3435A9B19}.Debug|Any CPU.ActiveCfg = Debug|Any CPU
		{B47014AB-20FA-4307-4636-00A3435A9B19}.Debug|Any CPU.Build.0 = Debug|Any CPU
		{B47014AB-20FA-4307-4636-00A3435A9B19}.Release|Any CPU.ActiveCfg = Release|Any CPU
		{B47014AB-20FA-4307-4636-00A3435A9B19}.Release|Any CPU.Build.0 = Release|Any CPU
		{F17DD226-529F-2FEA-0BB4-40F471352B8A}.Debug|Any CPU.ActiveCfg = Debug|Any CPU
		{F17DD226-529F-2FEA-0BB4-40F471352B8A}.Debug|Any CPU.Build.0 = Debug|Any CPU
		{F17DD226-529F-2FEA-0BB4-40F471352B8A}.Release|Any CPU.ActiveCfg = Release|Any CPU
		{F17DD226-529F-2FEA-0BB4-40F471352B8A}.Release|Any CPU.Build.0 = Release|Any CPU
		{E8730935-6B59-41FF-4137-937B51412645}.Debug|Any CPU.ActiveCfg = Debug|Any CPU
		{E8730935-6B59-41FF-4137-937B51412645}.Debug|Any CPU.Build.0 = Debug|Any CPU
		{E8730935-6B59-41FF-4137-937B51412645}.Release|Any CPU.ActiveCfg = Release|Any CPU
		{E8730935-6B59-41FF-4137-937B51412645}.Release|Any CPU.Build.0 = Release|Any CPU
		{4867A6D6-E4DE-9478-E596-8B7CB770DAC1}.Debug|Any CPU.ActiveCfg = Debug|Any CPU
		{4867A6D6-E4DE-9478-E596-8B7CB770DAC1}.Debug|Any CPU.Build.0 = Debug|Any CPU
		{4867A6D6-E4DE-9478-E596-8B7CB770DAC1}.Release|Any CPU.ActiveCfg = Release|Any CPU
		{4867A6D6-E4DE-9478-E596-8B7CB770DAC1}.Release|Any CPU.Build.0 = Release|Any CPU
		{6B79B287-E692-59AC-F7A6-0CD82E433BCF}.Debug|Any CPU.ActiveCfg = Debug|Any CPU
		{6B79B287-E692-59AC-F7A6-0CD82E433BCF}.Debug|Any CPU.Build.0 = Debug|Any CPU
		{6B79B287-E692-59AC-F7A6-0CD82E433BCF}.Release|Any CPU.ActiveCfg = Release|Any CPU
		{6B79B287-E692-59AC-F7A6-0CD82E433BCF}.Release|Any CPU.Build.0 = Release|Any CPU
	EndGlobalSection
	GlobalSection(SolutionProperties) = preSolution
		HideSolutionNode = FALSE
	EndGlobalSection
EndGlobal
